
Microsoft Visual Studio Solution File, Format Version 11.00
# Visual Studio 2010
Project("{FAE04EC0-301F-11D3-BF4B-00C04F79EFBC}") = "ScriptApp", "src\ScriptApp\ScriptApp.csproj", "{F84664A4-D4D8-4A27-A180-A87C42D2223F}"
EndProject
Project("{FAE04EC0-301F-11D3-BF4B-00C04F79EFBC}") = "Script.WebEx", "src\Script.WebEx\Script.WebEx.csproj", "{068E947D-D6EC-4197-8132-C827AA0C4C28}"
EndProject
Project("{FAE04EC0-301F-11D3-BF4B-00C04F79EFBC}") = "System.ScriptWebEx", "src\System.ScriptWebEx\System.ScriptWebEx.csproj", "{000B49B0-7F92-4579-9276-A960A5AB4669}"
EndProject
Project("{FAE04EC0-301F-11D3-BF4B-00C04F79EFBC}") = "ScriptApp.Tester", "src\ScriptApp.Tester\ScriptApp.Tester.csproj", "{67188A0B-669B-4C7C-AEF2-5D2A63C27E46}"
EndProject
Project("{FAE04EC0-301F-11D3-BF4B-00C04F79EFBC}") = "Script.WebOpenGL", "src\Script.WebOpenGL\Script.WebOpenGL.csproj", "{D5A19ADB-5CE0-473F-9CF0-3D91D683851B}"
EndProject
Global
	GlobalSection(SolutionConfigurationPlatforms) = preSolution
		Debug|Any CPU = Debug|Any CPU
		Release|Any CPU = Release|Any CPU
	EndGlobalSection
	GlobalSection(ProjectConfigurationPlatforms) = postSolution
		{F84664A4-D4D8-4A27-A180-A87C42D2223F}.Debug|Any CPU.ActiveCfg = Debug|Any CPU
		{F84664A4-D4D8-4A27-A180-A87C42D2223F}.Debug|Any CPU.Build.0 = Debug|Any CPU
		{F84664A4-D4D8-4A27-A180-A87C42D2223F}.Release|Any CPU.ActiveCfg = Release|Any CPU
		{F84664A4-D4D8-4A27-A180-A87C42D2223F}.Release|Any CPU.Build.0 = Release|Any CPU
		{068E947D-D6EC-4197-8132-C827AA0C4C28}.Debug|Any CPU.ActiveCfg = Debug|Any CPU
		{068E947D-D6EC-4197-8132-C827AA0C4C28}.Debug|Any CPU.Build.0 = Debug|Any CPU
		{068E947D-D6EC-4197-8132-C827AA0C4C28}.Release|Any CPU.ActiveCfg = Release|Any CPU
		{068E947D-D6EC-4197-8132-C827AA0C4C28}.Release|Any CPU.Build.0 = Release|Any CPU
		{000B49B0-7F92-4579-9276-A960A5AB4669}.Debug|Any CPU.ActiveCfg = Debug|Any CPU
		{000B49B0-7F92-4579-9276-A960A5AB4669}.Debug|Any CPU.Build.0 = Debug|Any CPU
		{000B49B0-7F92-4579-9276-A960A5AB4669}.Release|Any CPU.ActiveCfg = Release|Any CPU
		{000B49B0-7F92-4579-9276-A960A5AB4669}.Release|Any CPU.Build.0 = Release|Any CPU
		{67188A0B-669B-4C7C-AEF2-5D2A63C27E46}.Debug|Any CPU.ActiveCfg = Debug|Any CPU
		{67188A0B-669B-4C7C-AEF2-5D2A63C27E46}.Debug|Any CPU.Build.0 = Debug|Any CPU
		{67188A0B-669B-4C7C-AEF2-5D2A63C27E46}.Release|Any CPU.ActiveCfg = Release|Any CPU
		{67188A0B-669B-4C7C-AEF2-5D2A63C27E46}.Release|Any CPU.Build.0 = Release|Any CPU
		{D5A19ADB-5CE0-473F-9CF0-3D91D683851B}.Debug|Any CPU.ActiveCfg = Debug|Any CPU
		{D5A19ADB-5CE0-473F-9CF0-3D91D683851B}.Debug|Any CPU.Build.0 = Debug|Any CPU
		{D5A19ADB-5CE0-473F-9CF0-3D91D683851B}.Release|Any CPU.ActiveCfg = Release|Any CPU
		{D5A19ADB-5CE0-473F-9CF0-3D91D683851B}.Release|Any CPU.Build.0 = Release|Any CPU
	EndGlobalSection
	GlobalSection(SolutionProperties) = preSolution
		HideSolutionNode = FALSE
	EndGlobalSection
EndGlobal
